
Microsoft Visual Studio Solution File, Format Version 12.00
# Visual Studio Version 16
VisualStudioVersion = 16.0.30804.86
MinimumVisualStudioVersion = 10.0.40219.1
Project("{FAE04EC0-301F-11D3-BF4B-00C04F79EFBC}") = "BasicExercise60_Matrix", "BasicExercise60_Matrix.csproj", "{218618D0-F9D4-4E5D-9564-D89B8F10A522}"
EndProject
Global
	GlobalSection(SolutionConfigurationPlatforms) = preSolution
		Debug|Any CPU = Debug|Any CPU
		Release|Any CPU = Release|Any CPU
	EndGlobalSection
	GlobalSection(ProjectConfigurationPlatforms) = postSolution
		{218618D0-F9D4-4E5D-9564-D89B8F10A522}.Debug|Any CPU.ActiveCfg = Debug|Any CPU
		{218618D0-F9D4-4E5D-9564-D89B8F10A522}.Debug|Any CPU.Build.0 = Debug|Any CPU
		{218618D0-F9D4-4E5D-9564-D89B8F10A522}.Release|Any CPU.ActiveCfg = Release|Any CPU
		{218618D0-F9D4-4E5D-9564-D89B8F10A522}.Release|Any CPU.Build.0 = Release|Any CPU
	EndGlobalSection
	GlobalSection(SolutionProperties) = preSolution
		HideSolutionNode = FALSE
	EndGlobalSection
	GlobalSection(ExtensibilityGlobals) = postSolution
		SolutionGuid = {D924BAB0-FEE4-408F-80AE-F8729D22BE89}
	EndGlobalSection
EndGlobal
